
Microsoft Visual Studio Solution File, Format Version 12.00
# Visual Studio Version 16
VisualStudioVersion = 16.0.31702.278
MinimumVisualStudioVersion = 10.0.40219.1
Project("{FAE04EC0-301F-11D3-BF4B-00C04F79EFBC}") = "Practica2E2Alcoholemia", "Practica2E2Alcoholemia\Practica2E2Alcoholemia.csproj", "{37AFE855-0A89-4DDB-8CDE-B6FF0B8A9F81}"
EndProject
Global
	GlobalSection(SolutionConfigurationPlatforms) = preSolution
		Debug|Any CPU = Debug|Any CPU
		Release|Any CPU = Release|Any CPU
	EndGlobalSection
	GlobalSection(ProjectConfigurationPlatforms) = postSolution
		{37AFE855-0A89-4DDB-8CDE-B6FF0B8A9F81}.Debug|Any CPU.ActiveCfg = Debug|Any CPU
		{37AFE855-0A89-4DDB-8CDE-B6FF0B8A9F81}.Debug|Any CPU.Build.0 = Debug|Any CPU
		{37AFE855-0A89-4DDB-8CDE-B6FF0B8A9F81}.Release|Any CPU.ActiveCfg = Release|Any CPU
		{37AFE855-0A89-4DDB-8CDE-B6FF0B8A9F81}.Release|Any CPU.Build.0 = Release|Any CPU
	EndGlobalSection
	GlobalSection(SolutionProperties) = preSolution
		HideSolutionNode = FALSE
	EndGlobalSection
	GlobalSection(ExtensibilityGlobals) = postSolution
		SolutionGuid = {E133D585-3F2A-48EF-8492-3F00AD28E34D}
	EndGlobalSection
EndGlobal
